
Microsoft Visual Studio Solution File, Format Version 12.00
Project("{2150E333-8FDC-42A3-9474-1A3956D46DE8}") = "src", "src", "{DB1F46F3-81FB-45AA-AC95-2A5FEDD263A3}"
EndProject
Project("{FAE04EC0-301F-11D3-BF4B-00C04F79EFBC}") = "TodoList.WebApi", "src\TodoList.WebApi\TodoList.WebApi.csproj", "{9967A26D-05F2-4B59-8A57-FCDD5300282C}"
EndProject
Project("{FAE04EC0-301F-11D3-BF4B-00C04F79EFBC}") = "TodoList.EmailSender", "src\TodoList.EmailSender\TodoList.EmailSender.csproj", "{19EEF705-7532-411A-9F4B-6219FEC5D3CF}"
EndProject
Project("{FAE04EC0-301F-11D3-BF4B-00C04F79EFBC}") = "TodoList.MessagingContracts", "src\TodoList.MessagingContracts\TodoList.MessagingContracts.csproj", "{F6E5FFB9-12EB-4BE7-9A89-8131FEB71CC0}"
EndProject
Global
	GlobalSection(SolutionConfigurationPlatforms) = preSolution
		Debug|Any CPU = Debug|Any CPU
		Release|Any CPU = Release|Any CPU
	EndGlobalSection
	GlobalSection(NestedProjects) = preSolution
		{9967A26D-05F2-4B59-8A57-FCDD5300282C} = {DB1F46F3-81FB-45AA-AC95-2A5FEDD263A3}
		{19EEF705-7532-411A-9F4B-6219FEC5D3CF} = {DB1F46F3-81FB-45AA-AC95-2A5FEDD263A3}
		{F6E5FFB9-12EB-4BE7-9A89-8131FEB71CC0} = {DB1F46F3-81FB-45AA-AC95-2A5FEDD263A3}
	EndGlobalSection
	GlobalSection(ProjectConfigurationPlatforms) = postSolution
		{9967A26D-05F2-4B59-8A57-FCDD5300282C}.Debug|Any CPU.ActiveCfg = Debug|Any CPU
		{9967A26D-05F2-4B59-8A57-FCDD5300282C}.Debug|Any CPU.Build.0 = Debug|Any CPU
		{9967A26D-05F2-4B59-8A57-FCDD5300282C}.Release|Any CPU.ActiveCfg = Release|Any CPU
		{9967A26D-05F2-4B59-8A57-FCDD5300282C}.Release|Any CPU.Build.0 = Release|Any CPU
		{19EEF705-7532-411A-9F4B-6219FEC5D3CF}.Debug|Any CPU.ActiveCfg = Debug|Any CPU
		{19EEF705-7532-411A-9F4B-6219FEC5D3CF}.Debug|Any CPU.Build.0 = Debug|Any CPU
		{19EEF705-7532-411A-9F4B-6219FEC5D3CF}.Release|Any CPU.ActiveCfg = Release|Any CPU
		{19EEF705-7532-411A-9F4B-6219FEC5D3CF}.Release|Any CPU.Build.0 = Release|Any CPU
		{F6E5FFB9-12EB-4BE7-9A89-8131FEB71CC0}.Debug|Any CPU.ActiveCfg = Debug|Any CPU
		{F6E5FFB9-12EB-4BE7-9A89-8131FEB71CC0}.Debug|Any CPU.Build.0 = Debug|Any CPU
		{F6E5FFB9-12EB-4BE7-9A89-8131FEB71CC0}.Release|Any CPU.ActiveCfg = Release|Any CPU
		{F6E5FFB9-12EB-4BE7-9A89-8131FEB71CC0}.Release|Any CPU.Build.0 = Release|Any CPU
	EndGlobalSection
EndGlobal
